
Microsoft Visual Studio Solution File, Format Version 12.00
# Visual Studio Version 16
VisualStudioVersion = 16.0.29509.3
MinimumVisualStudioVersion = 10.0.40219.1
Project("{FAE04EC0-301F-11D3-BF4B-00C04F79EFBC}") = "BankRestWebservice", "BankRestWebservice\BankRestWebservice.csproj", "{21675821-0A37-4D2A-B0EB-B805CB8E41D4}"
EndProject
Global
	GlobalSection(SolutionConfigurationPlatforms) = preSolution
		Debug|Any CPU = Debug|Any CPU
		Release|Any CPU = Release|Any CPU
	EndGlobalSection
	GlobalSection(ProjectConfigurationPlatforms) = postSolution
		{21675821-0A37-4D2A-B0EB-B805CB8E41D4}.Debug|Any CPU.ActiveCfg = Debug|Any CPU
		{21675821-0A37-4D2A-B0EB-B805CB8E41D4}.Debug|Any CPU.Build.0 = Debug|Any CPU
		{21675821-0A37-4D2A-B0EB-B805CB8E41D4}.Release|Any CPU.ActiveCfg = Release|Any CPU
		{21675821-0A37-4D2A-B0EB-B805CB8E41D4}.Release|Any CPU.Build.0 = Release|Any CPU
	EndGlobalSection
	GlobalSection(SolutionProperties) = preSolution
		HideSolutionNode = FALSE
	EndGlobalSection
	GlobalSection(ExtensibilityGlobals) = postSolution
		SolutionGuid = {B6424751-EEBC-425C-8326-DFACCEA3AB3D}
	EndGlobalSection
EndGlobal
